
Microsoft Visual Studio Solution File, Format Version 12.00
Project("{FAE04EC0-301F-11D3-BF4B-00C04F79EFBC}") = "library-management", "LibraryManagement\library-management\library-management.csproj", "{2F85D4BC-C4F3-42F5-8AE3-C92191E53531}"
EndProject
Project("{FAE04EC0-301F-11D3-BF4B-00C04F79EFBC}") = "LibraryManagementTests", "LibraryManagement\LibraryManagementTests\LibraryManagementTests.csproj", "{780CB943-54D7-4025-A0F7-E583FBDBB537}"
EndProject
Global
	GlobalSection(SolutionConfigurationPlatforms) = preSolution
		Debug|Any CPU = Debug|Any CPU
		Release|Any CPU = Release|Any CPU
	EndGlobalSection
	GlobalSection(ProjectConfigurationPlatforms) = postSolution
		{2F85D4BC-C4F3-42F5-8AE3-C92191E53531}.Debug|Any CPU.ActiveCfg = Debug|Any CPU
		{2F85D4BC-C4F3-42F5-8AE3-C92191E53531}.Debug|Any CPU.Build.0 = Debug|Any CPU
		{2F85D4BC-C4F3-42F5-8AE3-C92191E53531}.Release|Any CPU.ActiveCfg = Release|Any CPU
		{2F85D4BC-C4F3-42F5-8AE3-C92191E53531}.Release|Any CPU.Build.0 = Release|Any CPU
		{780CB943-54D7-4025-A0F7-E583FBDBB537}.Debug|Any CPU.ActiveCfg = Debug|Any CPU
		{780CB943-54D7-4025-A0F7-E583FBDBB537}.Debug|Any CPU.Build.0 = Debug|Any CPU
		{780CB943-54D7-4025-A0F7-E583FBDBB537}.Release|Any CPU.ActiveCfg = Release|Any CPU
		{780CB943-54D7-4025-A0F7-E583FBDBB537}.Release|Any CPU.Build.0 = Release|Any CPU
	EndGlobalSection
EndGlobal
